{
  "name": "@valkyriestudios/net",
  "version": "1.2.3",
  "lockfileVersion": 1,
  "requires": true,
  "dependencies": {
    "@valkyriestudios/utils": {
      "version": "2.4.0",
      "resolved": "https://registry.npmjs.org/@valkyriestudios/utils/-/utils-2.4.0.tgz",
      "integrity": "sha512-KLKATv6vP4NKJu6u1UYHfkO2SBVuJicDaF7NtOfSX19ELNS04VTzq0WSKXdplfj43NixwtAVyHfPqgZNx2txwg=="
    }
  }
}
